// !$*UTF8*$!
{
	archiveVersion = 1;
	classes = {
	};
	objectVersion = 46;
	objects = {

/* Begin PBXBuildFile section */
		34E81DFF1AB4D0ED000F373F /* AppDelegate.swift in Sources */ = {isa = PBXBuildFile; fileRef = 34E81DFE1AB4D0ED000F373F /* AppDelegate.swift */; };
		34E81E011AB4D0ED000F373F /* ViewController.swift in Sources */ = {isa = PBXBuildFile; fileRef = 34E81E001AB4D0ED000F373F /* ViewController.swift */; };
		34E81E041AB4D0ED000F373F /* Main.storyboard in Resources */ = {isa = PBXBuildFile; fileRef = 34E81E021AB4D0ED000F373F /* Main.storyboard */; };
		34E81E061AB4D0ED000F373F /* Images.xcassets in Resources */ = {isa = PBXBuildFile; fileRef = 34E81E051AB4D0ED000F373F /* Images.xcassets */; };
		34E81E091AB4D0ED000F373F /* LaunchScreen.xib in Resources */ = {isa = PBXBuildFile; fileRef = 34E81E071AB4D0ED000F373F /* LaunchScreen.xib */; };
		34E81E151AB4D0ED000F373F /* HelloWorldTests.swift in Sources */ = {isa = PBXBuildFile; fileRef = 34E81E141AB4D0ED000F373F /* HelloWorldTests.swift */; };
/* End PBXBuildFile section */

/* Begin PBXContainerItemProxy section */
		34E81E0F1AB4D0ED000F373F /* PBXContainerItemProxy */ = {
			isa = PBXContainerItemProxy;
			containerPortal = 34E81DF11AB4D0EC000F373F /* Project object */;
			proxyType = 1;
			remoteGlobalIDString = 34E81DF81AB4D0EC000F373F;
			remoteInfo = HelloWorld;
		};
/* End PBXContainerItemProxy section */

/* Begin PBXFileReference section */
		34E81DF91AB4D0ED000F373F /* HelloWorld.app */ = {isa = PBXFileReference; explicitFileType = wrapper.application; includeInIndex = 0; path = HelloWorld.app; sourceTree = BUILT_PRODUCTS_DIR; };
		34E81DFD1AB4D0ED000F373F /* Info.plist */ = {isa = PBXFileReference; lastKnownFileType = text.plist.xml; path = Info.plist; sourceTree = "<group>"; };
		34E81DFE1AB4D0ED000F373F /* AppDelegate.swift */ = {isa = PBXFileReference; lastKnownFileType = sourcecode.swift; path = AppDelegate.swift; sourceTree = "<group>"; };
		34E81E001AB4D0ED000F373F /* ViewController.swift */ = {isa = PBXFileReference; lastKnownFileType = sourcecode.swift; path = ViewController.swift; sourceTree = "<group>"; };
		34E81E031AB4D0ED000F373F /* Base */ = {isa = PBXFileReference; lastKnownFileType = file.storyboard; name = Base; path = Base.lproj/Main.storyboard; sourceTree = "<group>"; };
		34E81E051AB4D0ED000F373F /* Images.xcassets */ = {isa = PBXFileReference; lastKnownFileType = folder.assetcatalog; path = Images.xcassets; sourceTree = "<group>"; };
		34E81E081AB4D0ED000F373F /* Base */ = {isa = PBXFileReference; lastKnownFileType = file.xib; name = Base; path = Base.lproj/LaunchScreen.xib; sourceTree = "<group>"; };
		34E81E0E1AB4D0ED000F373F /* HelloWorldTests.xctest */ = {isa = PBXFileReference; explicitFileType = wrapper.cfbundle; includeInIndex = 0; path = HelloWorldTests.xctest; sourceTree = BUILT_PRODUCTS_DIR; };
		34E81E131AB4D0ED000F373F /* Info.plist */ = {isa = PBXFileReference; lastKnownFileType = text.plist.xml; path = Info.plist; sourceTree = "<group>"; };
		34E81E141AB4D0ED000F373F /* HelloWorldTests.swift */ = {isa = PBXFileReference; lastKnownFileType = sourcecode.swift; path = HelloWorldTests.swift; sourceTree = "<group>"; };
/* End PBXFileReference section */

/* Begin PBXFrameworksBuildPhase section */
		34E81DF61AB4D0EC000F373F /* Frameworks */ = {
			isa = PBXFrameworksBuildPhase;
			buildActionMask = 2147483647;
			files = (
			);
			runOnlyForDeploymentPostprocessing = 0;
		};
		34E81E0B1AB4D0ED000F373F /* Frameworks */ = {
			isa = PBXFrameworksBuildPhase;
			buildActionMask = 2147483647;
			files = (
			);
			runOnlyForDeploymentPostprocessing = 0;
		};
/* End PBXFrameworksBuildPhase section */

/* Begin PBXGroup section */
		34E81DF01AB4D0EC000F373F = {
			isa = PBXGroup;
			children = (
				34E81DFB1AB4D0ED000F373F /* HelloWorld */,
				34E81E111AB4D0ED000F373F /* HelloWorldTests */,
				34E81DFA1AB4D0ED000F373F /* Products */,
			);
			sourceTree = "<group>";
		};
		34E81DFA1AB4D0ED000F373F /* Products */ = {
			isa = PBXGroup;
			children = (
				34E81DF91AB4D0ED000F373F /* HelloWorld.app */,
				34E81E0E1AB4D0ED000F373F /* HelloWorldTests.xctest */,
			);
			name = Products;
			sourceTree = "<group>";
		};
		34E81DFB1AB4D0ED000F373F /* HelloWorld */ = {
			isa = PBXGroup;
			children = (
				34E81DFE1AB4D0ED000F373F /* AppDelegate.swift */,
				34E81E001AB4D0ED000F373F /* ViewController.swift */,
				34E81E021AB4D0ED000F373F /* Main.storyboard */,
				34E81E051AB4D0ED000F373F /* Images.xcassets */,
				34E81E071AB4D0ED000F373F /* LaunchScreen.xib */,
				34E81DFC1AB4D0ED000F373F /* Supporting Files */,
			);
			path = HelloWorld;
			sourceTree = "<group>";
		};
		34E81DFC1AB4D0ED000F373F /* Supporting Files */ = {
			isa = PBXGroup;
			children = (
				34E81DFD1AB4D0ED000F373F /* Info.plist */,
			);
			name = "Supporting Files";
			sourceTree = "<group>";
		};
		34E81E111AB4D0ED000F373F /* HelloWorldTests */ = {
			isa = PBXGroup;
			children = (
				34E81E141AB4D0ED000F373F /* HelloWorldTests.swift */,
				34E81E121AB4D0ED000F373F /* Supporting Files */,
			);
			path = HelloWorldTests;
			sourceTree = "<group>";
		};
		34E81E121AB4D0ED000F373F /* Supporting Files */ = {
			isa = PBXGroup;
			children = (
				34E81E131AB4D0ED000F373F /* Info.plist */,
			);
			name = "Supporting Files";
			sourceTree = "<group>";
		};
/* End PBXGroup section */

/* Begin PBXNativeTarget section */
		34E81DF81AB4D0EC000F373F /* HelloWorld */ = {
			isa = PBXNativeTarget;
			buildConfigurationList = 34E81E181AB4D0ED000F373F /* Build configuration list for PBXNativeTarget "HelloWorld" */;
			buildPhases = (
				34E81DF51AB4D0EC000F373F /* Sources */,
				34E81DF61AB4D0EC000F373F /* Frameworks */,
				34E81DF71AB4D0EC000F373F /* Resources */,
			);
			buildRules = (
			);
			dependencies = (
			);
			name = HelloWorld;
			productName = HelloWorld;
			productReference = 34E81DF91AB4D0ED000F373F /* HelloWorld.app */;
			productType = "com.apple.product-type.application";
		};
		34E81E0D1AB4D0ED000F373F /* HelloWorldTests */ = {
			isa = PBXNativeTarget;
			buildConfigurationList = 34E81E1B1AB4D0ED000F373F /* Build configuration list for PBXNativeTarget "HelloWorldTests" */;
			buildPhases = (
				34E81E0A1AB4D0ED000F373F /* Sources */,
				34E81E0B1AB4D0ED000F373F /* Frameworks */,
				34E81E0C1AB4D0ED000F373F /* Resources */,
			);
			buildRules = (
			);
			dependencies = (
				34E81E101AB4D0ED000F373F /* PBXTargetDependency */,
			);
			name = HelloWorldTests;
			productName = HelloWorldTests;
			productReference = 34E81E0E1AB4D0ED000F373F /* HelloWorldTests.xctest */;
			productType = "com.apple.product-type.bundle.unit-test";
		};
/* End PBXNativeTarget section */

/* Begin PBXProject section */
		34E81DF11AB4D0EC000F373F /* Project object */ = {
			isa = PBXProject;
			attributes = {
				LastUpgradeCheck = 0610;
				ORGANIZATIONNAME = AppCoda;
				TargetAttributes = {
					34E81DF81AB4D0EC000F373F = {
						CreatedOnToolsVersion = 6.1.1;
					};
					34E81E0D1AB4D0ED000F373F = {
						CreatedOnToolsVersion = 6.1.1;
						TestTargetID = 34E81DF81AB4D0EC000F373F;
					};
				};
			};
			buildConfigurationList = 34E81DF41AB4D0EC000F373F /* Build configuration list for PBXProject "HelloWorld" */;
			compatibilityVersion = "Xcode 3.2";
			developmentRegion = English;
			hasScannedForEncodings = 0;
			knownRegions = (
				en,
				Base,
			);
			mainGroup = 34E81DF01AB4D0EC000F373F;
			productRefGroup = 34E81DFA1AB4D0ED000F373F /* Products */;
			projectDirPath = "";
			projectRoot = "";
			targets = (
				34E81DF81AB4D0EC000F373F /* HelloWorld */,
				34E81E0D1AB4D0ED000F373F /* HelloWorldTests */,
			);
		};
/* End PBXProject section */

/* Begin PBXResourcesBuildPhase section */
		34E81DF71AB4D0EC000F373F /* Resources */ = {
			isa = PBXResourcesBuildPhase;
			buildActionMask = 2147483647;
			files = (
				34E81E041AB4D0ED000F373F /* Main.storyboard in Resources */,
				34E81E091AB4D0ED000F373F /* LaunchScreen.xib in Resources */,
				34E81E061AB4D0ED000F373F /* Images.xcassets in Resources */,
			);
			runOnlyForDeploymentPostprocessing = 0;
		};
		34E81E0C1AB4D0ED000F373F /* Resources */ = {
			isa = PBXResourcesBuildPhase;
			buildActionMask = 2147483647;
			files = (
			);
			runOnlyForDeploymentPostprocessing = 0;
		};
/* End PBXResourcesBuildPhase section */

/* Begin PBXSourcesBuildPhase section */
		34E81DF51AB4D0EC000F373F /* Sources */ = {
			isa = PBXSourcesBuildPhase;
			buildActionMask = 2147483647;
			files = (
				34E81E011AB4D0ED000F373F /* ViewController.swift in Sources */,
				34E81DFF1AB4D0ED000F373F /* AppDelegate.swift in Sources */,
			);
			runOnlyForDeploymentPostprocessing = 0;
		};
		34E81E0A1AB4D0ED000F373F /* Sources */ = {
			isa = PBXSourcesBuildPhase;
			buildActionMask = 2147483647;
			files = (
				34E81E151AB4D0ED000F373F /* HelloWorldTests.swift in Sources */,
			);
			runOnlyForDeploymentPostprocessing = 0;
		};
/* End PBXSourcesBuildPhase section */

/* Begin PBXTargetDependency section */
		34E81E101AB4D0ED000F373F /* PBXTargetDependency */ = {
			isa = PBXTargetDependency;
			target = 34E81DF81AB4D0EC000F373F /* HelloWorld */;
			targetProxy = 34E81E0F1AB4D0ED000F373F /* PBXContainerItemProxy */;
		};
/* End PBXTargetDependency section */

/* Begin PBXVariantGroup section */
		34E81E021AB4D0ED000F373F /* Main.storyboard */ = {
			isa = PBXVariantGroup;
			children = (
				34E81E031AB4D0ED000F373F /* Base */,
			);
			name = Main.storyboard;
			sourceTree = "<group>";
		};
		34E81E071AB4D0ED000F373F /* LaunchScreen.xib */ = {
			isa = PBXVariantGroup;
			children = (
				34E81E081AB4D0ED000F373F /* Base */,
			);
			name = LaunchScreen.xib;
			sourceTree = "<group>";
		};
/* End PBXVariantGroup section */

/* Begin XCBuildConfiguration section */
		34E81E161AB4D0ED000F373F /* Debug */ = {
			isa = XCBuildConfiguration;
			buildSettings = {
				ALWAYS_SEARCH_USER_PATHS = NO;
				CLANG_CXX_LANGUAGE_STANDARD = "gnu++0x";
				CLANG_CXX_LIBRARY = "libc++";
				CLANG_ENABLE_MODULES = YES;
				CLANG_ENABLE_OBJC_ARC = YES;
				CLANG_WARN_BOOL_CONVERSION = YES;
				CLANG_WARN_CONSTANT_CONVERSION = YES;
				CLANG_WARN_DIRECT_OBJC_ISA_USAGE = YES_ERROR;
				CLANG_WARN_EMPTY_BODY = YES;
				CLANG_WARN_ENUM_CONVERSION = YES;
				CLANG_WARN_INT_CONVERSION = YES;
				CLANG_WARN_OBJC_ROOT_CLASS = YES_ERROR;
				CLANG_WARN_UNREACHABLE_CODE = YES;
				CLANG_WARN__DUPLICATE_METHOD_MATCH = YES;
				"CODE_SIGN_IDENTITY[sdk=iphoneos*]" = "iPhone Developer";
				COPY_PHASE_STRIP = NO;
				ENABLE_STRICT_OBJC_MSGSEND = YES;
				GCC_C_LANGUAGE_STANDARD = gnu99;
				GCC_DYNAMIC_NO_PIC = NO;
				GCC_OPTIMIZATION_LEVEL = 0;
				GCC_PREPROCESSOR_DEFINITIONS = (
					"DEBUG=1",
					"$(inherited)",
				);
				GCC_SYMBOLS_PRIVATE_EXTERN = NO;
				GCC_WARN_64_TO_32_BIT_CONVERSION = YES;
				GCC_WARN_ABOUT_RETURN_TYPE = YES_ERROR;
				GCC_WARN_UNDECLARED_SELECTOR = YES;
				GCC_WARN_UNINITIALIZED_AUTOS = YES_AGGRESSIVE;
				GCC_WARN_UNUSED_FUNCTION = YES;
				GCC_WARN_UNUSED_VARIABLE = YES;
				IPHONEOS_DEPLOYMENT_TARGET = 8.1;
				MTL_ENABLE_DEBUG_INFO = YES;
				ONLY_ACTIVE_ARCH = YES;
				SDKROOT = iphoneos;
				SWIFT_OPTIMIZATION_LEVEL = "-Onone";
			};
			name = Debug;
		};
		34E81E171AB4D0ED000F373F /* Release */ = {
			isa = XCBuildConfiguration;
			buildSettings = {
				ALWAYS_SEARCH_USER_PATHS = NO;
				CLANG_CXX_LANGUAGE_STANDARD = "gnu++0x";
				CLANG_CXX_LIBRARY = "libc++";
				CLANG_ENABLE_MODULES = YES;
				CLANG_ENABLE_OBJC_ARC = YES;
				CLANG_WARN_BOOL_CONVERSION = YES;
				CLANG_WARN_CONSTANT_CONVERSION = YES;
				CLANG_WARN_DIRECT_OBJC_ISA_USAGE = YES_ERROR;
				CLANG_WARN_EMPTY_BODY = YES;
				CLANG_WARN_ENUM_CONVERSION = YES;
				CLANG_WARN_INT_CONVERSION = YES;
				CLANG_WARN_OBJC_ROOT_CLASS = YES_ERROR;
				CLANG_WARN_UNREACHABLE_CODE = YES;
				CLANG_WARN__DUPLICATE_METHOD_MATCH = YES;
				"CODE_SIGN_IDENTITY[sdk=iphoneos*]" = "iPhone Developer";
				COPY_PHASE_STRIP = YES;
				ENABLE_NS_ASSERTIONS = NO;
				ENABLE_STRICT_OBJC_MSGSEND = YES;
				GCC_C_LANGUAGE_STANDARD = gnu99;
				GCC_WARN_64_TO_32_BIT_CONVERSION = YES;
				GCC_WARN_ABOUT_RETURN_TYPE = YES_ERROR;
				GCC_WARN_UNDECLARED_SELECTOR = YES;
				GCC_WARN_UNINITIALIZED_AUTOS = YES_AGGRESSIVE;
				GCC_WARN_UNUSED_FUNCTION = YES;
				GCC_WARN_UNUSED_VARIABLE = YES;
				IPHONEOS_DEPLOYMENT_TARGET = 8.1;
				MTL_ENABLE_DEBUG_INFO = NO;
				SDKROOT = iphoneos;
				VALIDATE_PRODUCT = YES;
			};
			name = Release;
		};
		34E81E191AB4D0ED000F373F /* Debug */ = {
			isa = XCBuildConfiguration;
			buildSettings = {
				ASSETCATALOG_COMPILER_APPICON_NAME = AppIcon;
				CODE_SIGN_IDENTITY = "iPhone Developer";
				"CODE_SIGN_IDENTITY[sdk=*]" = "iPhone Developer";
				INFOPLIST_FILE = HelloWorld/Info.plist;
				LD_RUNPATH_SEARCH_PATHS = "$(inherited) @executable_path/Frameworks";
				PRODUCT_NAME = "$(TARGET_NAME)";
			};
			name = Debug;
		};
		34E81E1A1AB4D0ED000F373F /* Release */ = {
			isa = XCBuildConfiguration;
			buildSettings = {
				ASSETCATALOG_COMPILER_APPICON_NAME = AppIcon;
				CODE_SIGN_IDENTITY = "iPhone Developer";
				"CODE_SIGN_IDENTITY[sdk=iphoneos*]" = "iPhone Developer";
				INFOPLIST_FILE = HelloWorld/Info.plist;
				LD_RUNPATH_SEARCH_PATHS = "$(inherited) @executable_path/Frameworks";
				PRODUCT_NAME = "$(TARGET_NAME)";
			};
			name = Release;
		};
		34E81E1C1AB4D0ED000F373F /* Debug */ = {
			isa = XCBuildConfiguration;
			buildSettings = {
				BUNDLE_LOADER = "$(TEST_HOST)";
				FRAMEWORK_SEARCH_PATHS = (
					"$(SDKROOT)/Developer/Library/Frameworks",
					"$(inherited)",
				);
				GCC_PREPROCESSOR_DEFINITIONS = (
					"DEBUG=1",
					"$(inherited)",
				);
				INFOPLIST_FILE = HelloWorldTests/Info.plist;
				LD_RUNPATH_SEARCH_PATHS = "$(inherited) @executable_path/Frameworks @loader_path/Frameworks";
				PRODUCT_NAME = "$(TARGET_NAME)";
				TEST_HOST = "$(BUILT_PRODUCTS_DIR)/HelloWorld.app/HelloWorld";
			};
			name = Debug;
		};
		34E81E1D1AB4D0ED000F373F /* Release */ = {
			isa = XCBuildConfiguration;
			buildSettings = {
				BUNDLE_LOADER = "$(TEST_HOST)";
				FRAMEWORK_SEARCH_PATHS = (
					"$(SDKROOT)/Developer/Library/Frameworks",
					"$(inherited)",
				);
				INFOPLIST_FILE = HelloWorldTests/Info.plist;
				LD_RUNPATH_SEARCH_PATHS = "$(inherited) @executable_path/Frameworks @loader_path/Frameworks";
				PRODUCT_NAME = "$(TARGET_NAME)";
				TEST_HOST = "$(BUILT_PRODUCTS_DIR)/HelloWorld.app/HelloWorld";
			};
			name = Release;
		};
/* End XCBuildConfiguration section */

/* Begin XCConfigurationList section */
		34E81DF41AB4D0EC000F373F /* Build configuration list for PBXProject "HelloWorld" */ = {
			isa = XCConfigurationList;
			buildConfigurations = (
				34E81E161AB4D0ED000F373F /* Debug */,
				34E81E171AB4D0ED000F373F /* Release */,
			);
			defaultConfigurationIsVisible = 0;
			defaultConfigurationName = Release;
		};
		34E81E181AB4D0ED000F373F /* Build configuration list for PBXNativeTarget "HelloWorld" */ = {
			isa = XCConfigurationList;
			buildConfigurations = (
				34E81E191AB4D0ED000F373F /* Debug */,
				34E81E1A1AB4D0ED000F373F /* Release */,
			);
			defaultConfigurationIsVisible = 0;
			defaultConfigurationName = Release;
		};
		34E81E1B1AB4D0ED000F373F /* Build configuration list for PBXNativeTarget "HelloWorldTests" */ = {
			isa = XCConfigurationList;
			buildConfigurations = (
				34E81E1C1AB4D0ED000F373F /* Debug */,
				34E81E1D1AB4D0ED000F373F /* Release */,
			);
			defaultConfigurationIsVisible = 0;
			defaultConfigurationName = Release;
		};
/* End XCConfigurationList section */
	};
	rootObject = 34E81DF11AB4D0EC000F373F /* Project object */;
}
